
Microsoft Visual Studio Solution File, Format Version 12.00
# Visual Studio Version 16
VisualStudioVersion = 16.0.810.11
MinimumVisualStudioVersion = 10.0.40219.1
Project("{FAE04EC0-301F-11D3-BF4B-00C04F79EFBC}") = "500084_ACW_2021_Web_Application", "500084_ACW_2021_Web_Application.csproj", "{0D3B2C39-8FA6-4BB2-8558-4DD0AFB34103}"
EndProject
Global
	GlobalSection(SolutionConfigurationPlatforms) = preSolution
		Debug|Any CPU = Debug|Any CPU
		Release|Any CPU = Release|Any CPU
	EndGlobalSection
	GlobalSection(ProjectConfigurationPlatforms) = postSolution
		{0D3B2C39-8FA6-4BB2-8558-4DD0AFB34103}.Debug|Any CPU.ActiveCfg = Debug|Any CPU
		{0D3B2C39-8FA6-4BB2-8558-4DD0AFB34103}.Debug|Any CPU.Build.0 = Debug|Any CPU
		{0D3B2C39-8FA6-4BB2-8558-4DD0AFB34103}.Release|Any CPU.ActiveCfg = Release|Any CPU
		{0D3B2C39-8FA6-4BB2-8558-4DD0AFB34103}.Release|Any CPU.Build.0 = Release|Any CPU
	EndGlobalSection
	GlobalSection(SolutionProperties) = preSolution
		HideSolutionNode = FALSE
	EndGlobalSection
	GlobalSection(ExtensibilityGlobals) = postSolution
		SolutionGuid = {47358FD0-6413-46F9-81BF-94C9B735FF95}
	EndGlobalSection
EndGlobal
